# @generated by Move, please check-in and do not edit manually.

[move]
version = 3
manifest_digest = "0D301EC1DC88BF414F97FF8E5812E7921596452FA00B18CA15A956B745D5F93F"
deps_digest = "F8BBB0CCB2491CA29A3DF03D6F92277A4F3574266507ACD77214D37ECA3F3082"
dependencies = [
  { id = "Sui", name = "Sui" },
]

[[move.package]]
id = "MoveStdlib"
source = { git = "https://github.com/MystenLabs/sui.git", rev = "framework/devnet", subdir = "crates/sui-framework/packages/move-stdlib" }

[[move.package]]
id = "Sui"
source = { git = "https://github.com/MystenLabs/sui.git", rev = "framework/devnet", subdir = "crates/sui-framework/packages/sui-framework" }

dependencies = [
  { id = "MoveStdlib", name = "MoveStdlib" },
]

[move.toolchain-version]
compiler-version = "1.50.0"
edition = "2024.beta"
flavor = "sui"

[env]

[env.devnet]
chain-id = "29c7faaa"
original-published-id = "0x61301dad26d5f9ab40e13105e5f29fd45413d86e6a5e1b617b43afe6fb269df7"
latest-published-id = "0x61301dad26d5f9ab40e13105e5f29fd45413d86e6a5e1b617b43afe6fb269df7"
published-version = "1"
